
Microsoft Visual Studio Solution File, Format Version 12.00
# Visual Studio Version 16
VisualStudioVersion = 16.0.29411.108
MinimumVisualStudioVersion = 10.0.40219.1
Project("{FAE04EC0-301F-11D3-BF4B-00C04F79EFBC}") = "Ovning_Nio_JS", "Ovning_Nio_JS\Ovning_Nio_JS.csproj", "{B8105FE5-F710-4B35-AD76-757051804C12}"
EndProject
Global
	GlobalSection(SolutionConfigurationPlatforms) = preSolution
		Debug|Any CPU = Debug|Any CPU
		Release|Any CPU = Release|Any CPU
	EndGlobalSection
	GlobalSection(ProjectConfigurationPlatforms) = postSolution
		{B8105FE5-F710-4B35-AD76-757051804C12}.Debug|Any CPU.ActiveCfg = Debug|Any CPU
		{B8105FE5-F710-4B35-AD76-757051804C12}.Debug|Any CPU.Build.0 = Debug|Any CPU
		{B8105FE5-F710-4B35-AD76-757051804C12}.Release|Any CPU.ActiveCfg = Release|Any CPU
		{B8105FE5-F710-4B35-AD76-757051804C12}.Release|Any CPU.Build.0 = Release|Any CPU
	EndGlobalSection
	GlobalSection(SolutionProperties) = preSolution
		HideSolutionNode = FALSE
	EndGlobalSection
	GlobalSection(ExtensibilityGlobals) = postSolution
		SolutionGuid = {A5C156C7-A36E-4570-83FB-55DEAA07AE69}
	EndGlobalSection
EndGlobal
